PODS:
  - FlowStacks (0.3.6)
  - shared (0.1)

DEPENDENCIES:
  - FlowStacks (~> 0.3.6)
  - shared (from `../shared`)

SPEC REPOS:
  trunk:
    - FlowStacks

EXTERNAL SOURCES:
  shared:
    :path: "../shared"

SPEC CHECKSUMS:
  FlowStacks: ea499b20a2f3acb3ba010866c73e588bafa9b795
  shared: a236d07b996fb74f0ff8c957115aaff0c23c3606

PODFILE CHECKSUM: f1bef819e1d3c27ec50431fa9a8f35557dd645e6

COCOAPODS: 1.15.2
